// !$*UTF8*$!
{
	archiveVersion = 1;
	classes = {
	};
	objectVersion = 50;
	objects = {

/* Begin PBXBuildFile section */
		F696C4D4267B3F64005D168B /* AppDelegate.swift in Sources */ = {isa = PBXBuildFile; fileRef = F696C4D3267B3F64005D168B /* AppDelegate.swift */; };
		F696C4D8267B3F64005D168B /* ViewController.swift in Sources */ = {isa = PBXBuildFile; fileRef = F696C4D7267B3F64005D168B /* ViewController.swift */; };
		F696C4DB267B3F64005D168B /* Main.storyboard in Resources */ = {isa = PBXBuildFile; fileRef = F696C4D9267B3F64005D168B /* Main.storyboard */; };
		F696C4DD267B3F66005D168B /* Assets.xcassets in Resources */ = {isa = PBXBuildFile; fileRef = F696C4DC267B3F66005D168B /* Assets.xcassets */; };
		F696C4E0267B3F66005D168B /* LaunchScreen.storyboard in Resources */ = {isa = PBXBuildFile; fileRef = F696C4DE267B3F66005D168B /* LaunchScreen.storyboard */; };
		F6F51481267B78AB007BA56B /* SectionIndexItemView.swift in Sources */ = {isa = PBXBuildFile; fileRef = F6F5147F267B78AB007BA56B /* SectionIndexItemView.swift */; };
		F6F51482267B78AB007BA56B /* SectionIndexView.swift in Sources */ = {isa = PBXBuildFile; fileRef = F6F51480267B78AB007BA56B /* SectionIndexView.swift */; };
/* End PBXBuildFile section */

/* Begin PBXFileReference section */
		F696C4D0267B3F64005D168B /* IndexViewTest.app */ = {isa = PBXFileReference; explicitFileType = wrapper.application; includeInIndex = 0; path = IndexViewTest.app; sourceTree = BUILT_PRODUCTS_DIR; };
		F696C4D3267B3F64005D168B /* AppDelegate.swift */ = {isa = PBXFileReference; lastKnownFileType = sourcecode.swift; path = AppDelegate.swift; sourceTree = "<group>"; };
		F696C4D7267B3F64005D168B /* ViewController.swift */ = {isa = PBXFileReference; lastKnownFileType = sourcecode.swift; path = ViewController.swift; sourceTree = "<group>"; };
		F696C4DA267B3F64005D168B /* Base */ = {isa = PBXFileReference; lastKnownFileType = file.storyboard; name = Base; path = Base.lproj/Main.storyboard; sourceTree = "<group>"; };
		F696C4DC267B3F66005D168B /* Assets.xcassets */ = {isa = PBXFileReference; lastKnownFileType = folder.assetcatalog; path = Assets.xcassets; sourceTree = "<group>"; };
		F696C4DF267B3F66005D168B /* Base */ = {isa = PBXFileReference; lastKnownFileType = file.storyboard; name = Base; path = Base.lproj/LaunchScreen.storyboard; sourceTree = "<group>"; };
		F696C4E1267B3F66005D168B /* Info.plist */ = {isa = PBXFileReference; lastKnownFileType = text.plist.xml; path = Info.plist; sourceTree = "<group>"; };
		F6F5147F267B78AB007BA56B /* SectionIndexItemView.swift */ = {isa = PBXFileReference; fileEncoding = 4; lastKnownFileType = sourcecode.swift; path = SectionIndexItemView.swift; sourceTree = "<group>"; };
		F6F51480267B78AB007BA56B /* SectionIndexView.swift */ = {isa = PBXFileReference; fileEncoding = 4; lastKnownFileType = sourcecode.swift; path = SectionIndexView.swift; sourceTree = "<group>"; };
/* End PBXFileReference section */

/* Begin PBXFrameworksBuildPhase section */
		F696C4CD267B3F64005D168B /* Frameworks */ = {
			isa = PBXFrameworksBuildPhase;
			buildActionMask = 2147483647;
			files = (
			);
			runOnlyForDeploymentPostprocessing = 0;
		};
/* End PBXFrameworksBuildPhase section */

/* Begin PBXGroup section */
		F696C4C7267B3F64005D168B = {
			isa = PBXGroup;
			children = (
				F696C4D2267B3F64005D168B /* IndexViewTest */,
				F696C4D1267B3F64005D168B /* Products */,
			);
			sourceTree = "<group>";
		};
		F696C4D1267B3F64005D168B /* Products */ = {
			isa = PBXGroup;
			children = (
				F696C4D0267B3F64005D168B /* IndexViewTest.app */,
			);
			name = Products;
			sourceTree = "<group>";
		};
		F696C4D2267B3F64005D168B /* IndexViewTest */ = {
			isa = PBXGroup;
			children = (
				F6F5147E267B78AB007BA56B /* SectionIndexView */,
				F696C4D3267B3F64005D168B /* AppDelegate.swift */,
				F696C4D7267B3F64005D168B /* ViewController.swift */,
				F696C4D9267B3F64005D168B /* Main.storyboard */,
				F696C4DC267B3F66005D168B /* Assets.xcassets */,
				F696C4DE267B3F66005D168B /* LaunchScreen.storyboard */,
				F696C4E1267B3F66005D168B /* Info.plist */,
			);
			path = IndexViewTest;
			sourceTree = "<group>";
		};
		F6F5147E267B78AB007BA56B /* SectionIndexView */ = {
			isa = PBXGroup;
			children = (
				F6F5147F267B78AB007BA56B /* SectionIndexItemView.swift */,
				F6F51480267B78AB007BA56B /* SectionIndexView.swift */,
			);
			path = SectionIndexView;
			sourceTree = "<group>";
		};
/* End PBXGroup section */

/* Begin PBXNativeTarget section */
		F696C4CF267B3F64005D168B /* IndexViewTest */ = {
			isa = PBXNativeTarget;
			buildConfigurationList = F696C4E4267B3F66005D168B /* Build configuration list for PBXNativeTarget "IndexViewTest" */;
			buildPhases = (
				F696C4CC267B3F64005D168B /* Sources */,
				F696C4CD267B3F64005D168B /* Frameworks */,
				F696C4CE267B3F64005D168B /* Resources */,
			);
			buildRules = (
			);
			dependencies = (
			);
			name = IndexViewTest;
			productName = IndexViewTest;
			productReference = F696C4D0267B3F64005D168B /* IndexViewTest.app */;
			productType = "com.apple.product-type.application";
		};
/* End PBXNativeTarget section */

/* Begin PBXProject section */
		F696C4C8267B3F64005D168B /* Project object */ = {
			isa = PBXProject;
			attributes = {
				LastSwiftUpdateCheck = 1220;
				LastUpgradeCheck = 1220;
				TargetAttributes = {
					F696C4CF267B3F64005D168B = {
						CreatedOnToolsVersion = 12.2;
					};
				};
			};
			buildConfigurationList = F696C4CB267B3F64005D168B /* Build configuration list for PBXProject "IndexViewTest" */;
			compatibilityVersion = "Xcode 9.3";
			developmentRegion = en;
			hasScannedForEncodings = 0;
			knownRegions = (
				en,
				Base,
			);
			mainGroup = F696C4C7267B3F64005D168B;
			productRefGroup = F696C4D1267B3F64005D168B /* Products */;
			projectDirPath = "";
			projectRoot = "";
			targets = (
				F696C4CF267B3F64005D168B /* IndexViewTest */,
			);
		};
/* End PBXProject section */

/* Begin PBXResourcesBuildPhase section */
		F696C4CE267B3F64005D168B /* Resources */ = {
			isa = PBXResourcesBuildPhase;
			buildActionMask = 2147483647;
			files = (
				F696C4E0267B3F66005D168B /* LaunchScreen.storyboard in Resources */,
				F696C4DD267B3F66005D168B /* Assets.xcassets in Resources */,
				F696C4DB267B3F64005D168B /* Main.storyboard in Resources */,
			);
			runOnlyForDeploymentPostprocessing = 0;
		};
/* End PBXResourcesBuildPhase section */

/* Begin PBXSourcesBuildPhase section */
		F696C4CC267B3F64005D168B /* Sources */ = {
			isa = PBXSourcesBuildPhase;
			buildActionMask = 2147483647;
			files = (
				F696C4D8267B3F64005D168B /* ViewController.swift in Sources */,
				F6F51482267B78AB007BA56B /* SectionIndexView.swift in Sources */,
				F6F51481267B78AB007BA56B /* SectionIndexItemView.swift in Sources */,
				F696C4D4267B3F64005D168B /* AppDelegate.swift in Sources */,
			);
			runOnlyForDeploymentPostprocessing = 0;
		};
/* End PBXSourcesBuildPhase section */

/* Begin PBXVariantGroup section */
		F696C4D9267B3F64005D168B /* Main.storyboard */ = {
			isa = PBXVariantGroup;
			children = (
				F696C4DA267B3F64005D168B /* Base */,
			);
			name = Main.storyboard;
			sourceTree = "<group>";
		};
		F696C4DE267B3F66005D168B /* LaunchScreen.storyboard */ = {
			isa = PBXVariantGroup;
			children = (
				F696C4DF267B3F66005D168B /* Base */,
			);
			name = LaunchScreen.storyboard;
			sourceTree = "<group>";
		};
/* End PBXVariantGroup section */

/* Begin XCBuildConfiguration section */
		F696C4E2267B3F66005D168B /* Debug */ = {
			isa = XCBuildConfiguration;
			buildSettings = {
				ALWAYS_SEARCH_USER_PATHS = NO;
				CLANG_ANALYZER_NONNULL = YES;
				CLANG_ANALYZER_NUMBER_OBJECT_CONVERSION = YES_AGGRESSIVE;
				CLANG_CXX_LANGUAGE_STANDARD = "gnu++14";
				CLANG_CXX_LIBRARY = "libc++";
				CLANG_ENABLE_MODULES = YES;
				CLANG_ENABLE_OBJC_ARC = YES;
				CLANG_ENABLE_OBJC_WEAK = YES;
				CLANG_WARN_BLOCK_CAPTURE_AUTORELEASING = YES;
				CLANG_WARN_BOOL_CONVERSION = YES;
				CLANG_WARN_COMMA = YES;
				CLANG_WARN_CONSTANT_CONVERSION = YES;
				CLANG_WARN_DEPRECATED_OBJC_IMPLEMENTATIONS = YES;
				CLANG_WARN_DIRECT_OBJC_ISA_USAGE = YES_ERROR;
				CLANG_WARN_DOCUMENTATION_COMMENTS = YES;
				CLANG_WARN_EMPTY_BODY = YES;
				CLANG_WARN_ENUM_CONVERSION = YES;
				CLANG_WARN_INFINITE_RECURSION = YES;
				CLANG_WARN_INT_CONVERSION = YES;
				CLANG_WARN_NON_LITERAL_NULL_CONVERSION = YES;
				CLANG_WARN_OBJC_IMPLICIT_RETAIN_SELF = YES;
				CLANG_WARN_OBJC_LITERAL_CONVERSION = YES;
				CLANG_WARN_OBJC_ROOT_CLASS = YES_ERROR;
				CLANG_WARN_QUOTED_INCLUDE_IN_FRAMEWORK_HEADER = YES;
				CLANG_WARN_RANGE_LOOP_ANALYSIS = YES;
				CLANG_WARN_STRICT_PROTOTYPES = YES;
				CLANG_WARN_SUSPICIOUS_MOVE = YES;
				CLANG_WARN_UNGUARDED_AVAILABILITY = YES_AGGRESSIVE;
				CLANG_WARN_UNREACHABLE_CODE = YES;
				CLANG_WARN__DUPLICATE_METHOD_MATCH = YES;
				COPY_PHASE_STRIP = NO;
				DEBUG_INFORMATION_FORMAT = dwarf;
				ENABLE_STRICT_OBJC_MSGSEND = YES;
				ENABLE_TESTABILITY = YES;
				GCC_C_LANGUAGE_STANDARD = gnu11;
				GCC_DYNAMIC_NO_PIC = NO;
				GCC_NO_COMMON_BLOCKS = YES;
				GCC_OPTIMIZATION_LEVEL = 0;
				GCC_PREPROCESSOR_DEFINITIONS = (
					"DEBUG=1",
					"$(inherited)",
				);
				GCC_WARN_64_TO_32_BIT_CONVERSION = YES;
				GCC_WARN_ABOUT_RETURN_TYPE = YES_ERROR;
				GCC_WARN_UNDECLARED_SELECTOR = YES;
				GCC_WARN_UNINITIALIZED_AUTOS = YES_AGGRESSIVE;
				GCC_WARN_UNUSED_FUNCTION = YES;
				GCC_WARN_UNUSED_VARIABLE = YES;
				IPHONEOS_DEPLOYMENT_TARGET = 14.2;
				MTL_ENABLE_DEBUG_INFO = INCLUDE_SOURCE;
				MTL_FAST_MATH = YES;
				ONLY_ACTIVE_ARCH = YES;
				SDKROOT = iphoneos;
				SWIFT_ACTIVE_COMPILATION_CONDITIONS = DEBUG;
				SWIFT_OPTIMIZATION_LEVEL = "-Onone";
			};
			name = Debug;
		};
		F696C4E3267B3F66005D168B /* Release */ = {
			isa = XCBuildConfiguration;
			buildSettings = {
				ALWAYS_SEARCH_USER_PATHS = NO;
				CLANG_ANALYZER_NONNULL = YES;
				CLANG_ANALYZER_NUMBER_OBJECT_CONVERSION = YES_AGGRESSIVE;
				CLANG_CXX_LANGUAGE_STANDARD = "gnu++14";
				CLANG_CXX_LIBRARY = "libc++";
				CLANG_ENABLE_MODULES = YES;
				CLANG_ENABLE_OBJC_ARC = YES;
				CLANG_ENABLE_OBJC_WEAK = YES;
				CLANG_WARN_BLOCK_CAPTURE_AUTORELEASING = YES;
				CLANG_WARN_BOOL_CONVERSION = YES;
				CLANG_WARN_COMMA = YES;
				CLANG_WARN_CONSTANT_CONVERSION = YES;
				CLANG_WARN_DEPRECATED_OBJC_IMPLEMENTATIONS = YES;
				CLANG_WARN_DIRECT_OBJC_ISA_USAGE = YES_ERROR;
				CLANG_WARN_DOCUMENTATION_COMMENTS = YES;
				CLANG_WARN_EMPTY_BODY = YES;
				CLANG_WARN_ENUM_CONVERSION = YES;
				CLANG_WARN_INFINITE_RECURSION = YES;
				CLANG_WARN_INT_CONVERSION = YES;
				CLANG_WARN_NON_LITERAL_NULL_CONVERSION = YES;
				CLANG_WARN_OBJC_IMPLICIT_RETAIN_SELF = YES;
				CLANG_WARN_OBJC_LITERAL_CONVERSION = YES;
				CLANG_WARN_OBJC_ROOT_CLASS = YES_ERROR;
				CLANG_WARN_QUOTED_INCLUDE_IN_FRAMEWORK_HEADER = YES;
				CLANG_WARN_RANGE_LOOP_ANALYSIS = YES;
				CLANG_WARN_STRICT_PROTOTYPES = YES;
				CLANG_WARN_SUSPICIOUS_MOVE = YES;
				CLANG_WARN_UNGUARDED_AVAILABILITY = YES_AGGRESSIVE;
				CLANG_WARN_UNREACHABLE_CODE = YES;
				CLANG_WARN__DUPLICATE_METHOD_MATCH = YES;
				COPY_PHASE_STRIP = NO;
				DEBUG_INFORMATION_FORMAT = "dwarf-with-dsym";
				ENABLE_NS_ASSERTIONS = NO;
				ENABLE_STRICT_OBJC_MSGSEND = YES;
				GCC_C_LANGUAGE_STANDARD = gnu11;
				GCC_NO_COMMON_BLOCKS = YES;
				GCC_WARN_64_TO_32_BIT_CONVERSION = YES;
				GCC_WARN_ABOUT_RETURN_TYPE = YES_ERROR;
				GCC_WARN_UNDECLARED_SELECTOR = YES;
				GCC_WARN_UNINITIALIZED_AUTOS = YES_AGGRESSIVE;
				GCC_WARN_UNUSED_FUNCTION = YES;
				GCC_WARN_UNUSED_VARIABLE = YES;
				IPHONEOS_DEPLOYMENT_TARGET = 14.2;
				MTL_ENABLE_DEBUG_INFO = NO;
				MTL_FAST_MATH = YES;
				SDKROOT = iphoneos;
				SWIFT_COMPILATION_MODE = wholemodule;
				SWIFT_OPTIMIZATION_LEVEL = "-O";
				VALIDATE_PRODUCT = YES;
			};
			name = Release;
		};
		F696C4E5267B3F66005D168B /* Debug */ = {
			isa = XCBuildConfiguration;
			buildSettings = {
				ASSETCATALOG_COMPILER_APPICON_NAME = AppIcon;
				ASSETCATALOG_COMPILER_GLOBAL_ACCENT_COLOR_NAME = AccentColor;
				CODE_SIGN_STYLE = Automatic;
				INFOPLIST_FILE = IndexViewTest/Info.plist;
				IPHONEOS_DEPLOYMENT_TARGET = 11.0;
				LD_RUNPATH_SEARCH_PATHS = (
					"$(inherited)",
					"@executable_path/Frameworks",
				);
				PRODUCT_BUNDLE_IDENTIFIER = fqy.IndexViewTest;
				PRODUCT_NAME = "$(TARGET_NAME)";
				SWIFT_VERSION = 5.0;
				TARGETED_DEVICE_FAMILY = "1,2";
			};
			name = Debug;
		};
		F696C4E6267B3F66005D168B /* Release */ = {
			isa = XCBuildConfiguration;
			buildSettings = {
				ASSETCATALOG_COMPILER_APPICON_NAME = AppIcon;
				ASSETCATALOG_COMPILER_GLOBAL_ACCENT_COLOR_NAME = AccentColor;
				CODE_SIGN_STYLE = Automatic;
				INFOPLIST_FILE = IndexViewTest/Info.plist;
				IPHONEOS_DEPLOYMENT_TARGET = 11.0;
				LD_RUNPATH_SEARCH_PATHS = (
					"$(inherited)",
					"@executable_path/Frameworks",
				);
				PRODUCT_BUNDLE_IDENTIFIER = fqy.IndexViewTest;
				PRODUCT_NAME = "$(TARGET_NAME)";
				SWIFT_VERSION = 5.0;
				TARGETED_DEVICE_FAMILY = "1,2";
			};
			name = Release;
		};
/* End XCBuildConfiguration section */

/* Begin XCConfigurationList section */
		F696C4CB267B3F64005D168B /* Build configuration list for PBXProject "IndexViewTest" */ = {
			isa = XCConfigurationList;
			buildConfigurations = (
				F696C4E2267B3F66005D168B /* Debug */,
				F696C4E3267B3F66005D168B /* Release */,
			);
			defaultConfigurationIsVisible = 0;
			defaultConfigurationName = Release;
		};
		F696C4E4267B3F66005D168B /* Build configuration list for PBXNativeTarget "IndexViewTest" */ = {
			isa = XCConfigurationList;
			buildConfigurations = (
				F696C4E5267B3F66005D168B /* Debug */,
				F696C4E6267B3F66005D168B /* Release */,
			);
			defaultConfigurationIsVisible = 0;
			defaultConfigurationName = Release;
		};
/* End XCConfigurationList section */
	};
	rootObject = F696C4C8267B3F64005D168B /* Project object */;
}
